
Microsoft Visual Studio Solution File, Format Version 12.00
# Visual Studio Version 17
VisualStudioVersion = 17.9.34728.123
MinimumVisualStudioVersion = 10.0.40219.1
Project("{9A19103F-16F7-4668-BE54-9A1E7A4F7556}") = "hon3y", "hon3y\hon3y.csproj", "{672C6221-115B-48A3-B5B9-4BC4076AF0B8}"
EndProject
Global
	GlobalSection(SolutionConfigurationPlatforms) = preSolution
		Debug|Any CPU = Debug|Any CPU
		Release|Any CPU = Release|Any CPU
	EndGlobalSection
	GlobalSection(ProjectConfigurationPlatforms) = postSolution
		{672C6221-115B-48A3-B5B9-4BC4076AF0B8}.Debug|Any CPU.ActiveCfg = Debug|Any CPU
		{672C6221-115B-48A3-B5B9-4BC4076AF0B8}.Debug|Any CPU.Build.0 = Debug|Any CPU
		{672C6221-115B-48A3-B5B9-4BC4076AF0B8}.Release|Any CPU.ActiveCfg = Release|Any CPU
		{672C6221-115B-48A3-B5B9-4BC4076AF0B8}.Release|Any CPU.Build.0 = Release|Any CPU
	EndGlobalSection
	GlobalSection(SolutionProperties) = preSolution
		HideSolutionNode = FALSE
	EndGlobalSection
	GlobalSection(ExtensibilityGlobals) = postSolution
		SolutionGuid = {DABFD06F-A29F-45DB-BE69-80EB004F9AEE}
	EndGlobalSection
EndGlobal
